// !$*UTF8*$!
{
	archiveVersion = 1;
	classes = {
	};
	objectVersion = 46;
	objects = {

/* Begin PBXBuildFile section */
		1B3BF20E1DD56D990034B1F9 /* main.m in Sources */ = {isa = PBXBuildFile; fileRef = 1B3BF20D1DD56D990034B1F9 /* main.m */; };
		1B3BF2111DD56D990034B1F9 /* AppDelegate.m in Sources */ = {isa = PBXBuildFile; fileRef = 1B3BF2101DD56D990034B1F9 /* AppDelegate.m */; };
		1B3BF2191DD56D990034B1F9 /* Assets.xcassets in Resources */ = {isa = PBXBuildFile; fileRef = 1B3BF2181DD56D990034B1F9 /* Assets.xcassets */; };
		1B3BF21C1DD56D990034B1F9 /* LaunchScreen.storyboard in Resources */ = {isa = PBXBuildFile; fileRef = 1B3BF21A1DD56D990034B1F9 /* LaunchScreen.storyboard */; };
		1B3BF2271DD56D990034B1F9 /* ZZPullDownControlTests.m in Sources */ = {isa = PBXBuildFile; fileRef = 1B3BF2261DD56D990034B1F9 /* ZZPullDownControlTests.m */; };
		1B3BF2341DD570C30034B1F9 /* TabViewController.m in Sources */ = {isa = PBXBuildFile; fileRef = 1B3BF2331DD570C30034B1F9 /* TabViewController.m */; };
		1B3BF2371DD5727F0034B1F9 /* ZZPullDownView.m in Sources */ = {isa = PBXBuildFile; fileRef = 1B3BF2361DD5727F0034B1F9 /* ZZPullDownView.m */; };
		1B3BF23A1DD575C60034B1F9 /* ZZTitleListView.m in Sources */ = {isa = PBXBuildFile; fileRef = 1B3BF2391DD575C60034B1F9 /* ZZTitleListView.m */; };
		8826ABB3A5EA866B75A46C18 /* libPods-ZZPullDownControl.a in Frameworks */ = {isa = PBXBuildFile; fileRef = 1F87671F7D00990DC9D56703 /* libPods-ZZPullDownControl.a */; };
/* End PBXBuildFile section */

/* Begin PBXContainerItemProxy section */
		1B3BF2231DD56D990034B1F9 /* PBXContainerItemProxy */ = {
			isa = PBXContainerItemProxy;
			containerPortal = 1B3BF2011DD56D990034B1F9 /* Project object */;
			proxyType = 1;
			remoteGlobalIDString = 1B3BF2081DD56D990034B1F9;
			remoteInfo = ZZPullDownControl;
		};
/* End PBXContainerItemProxy section */

/* Begin PBXFileReference section */
		1B3BF2091DD56D990034B1F9 /* ZZPullDownControl.app */ = {isa = PBXFileReference; explicitFileType = wrapper.application; includeInIndex = 0; path = ZZPullDownControl.app; sourceTree = BUILT_PRODUCTS_DIR; };
		1B3BF20D1DD56D990034B1F9 /* main.m */ = {isa = PBXFileReference; lastKnownFileType = sourcecode.c.objc; path = main.m; sourceTree = "<group>"; };
		1B3BF20F1DD56D990034B1F9 /* AppDelegate.h */ = {isa = PBXFileReference; lastKnownFileType = sourcecode.c.h; path = AppDelegate.h; sourceTree = "<group>"; };
		1B3BF2101DD56D990034B1F9 /* AppDelegate.m */ = {isa = PBXFileReference; lastKnownFileType = sourcecode.c.objc; path = AppDelegate.m; sourceTree = "<group>"; };
		1B3BF2181DD56D990034B1F9 /* Assets.xcassets */ = {isa = PBXFileReference; lastKnownFileType = folder.assetcatalog; path = Assets.xcassets; sourceTree = "<group>"; };
		1B3BF21B1DD56D990034B1F9 /* Base */ = {isa = PBXFileReference; lastKnownFileType = file.storyboard; name = Base; path = Base.lproj/LaunchScreen.storyboard; sourceTree = "<group>"; };
		1B3BF21D1DD56D990034B1F9 /* Info.plist */ = {isa = PBXFileReference; lastKnownFileType = text.plist.xml; path = Info.plist; sourceTree = "<group>"; };
		1B3BF2221DD56D990034B1F9 /* ZZPullDownControlTests.xctest */ = {isa = PBXFileReference; explicitFileType = wrapper.cfbundle; includeInIndex = 0; path = ZZPullDownControlTests.xctest; sourceTree = BUILT_PRODUCTS_DIR; };
		1B3BF2261DD56D990034B1F9 /* ZZPullDownControlTests.m */ = {isa = PBXFileReference; lastKnownFileType = sourcecode.c.objc; path = ZZPullDownControlTests.m; sourceTree = "<group>"; };
		1B3BF2281DD56D990034B1F9 /* Info.plist */ = {isa = PBXFileReference; lastKnownFileType = text.plist.xml; path = Info.plist; sourceTree = "<group>"; };
		1B3BF2311DD56E970034B1F9 /* ZZPullDownControl.pch */ = {isa = PBXFileReference; lastKnownFileType = sourcecode.c.h; path = ZZPullDownControl.pch; sourceTree = "<group>"; };
		1B3BF2321DD570C30034B1F9 /* TabViewController.h */ = {isa = PBXFileReference; fileEncoding = 4; lastKnownFileType = sourcecode.c.h; path = TabViewController.h; sourceTree = "<group>"; };
		1B3BF2331DD570C30034B1F9 /* TabViewController.m */ = {isa = PBXFileReference; fileEncoding = 4; lastKnownFileType = sourcecode.c.objc; path = TabViewController.m; sourceTree = "<group>"; };
		1B3BF2351DD5727F0034B1F9 /* ZZPullDownView.h */ = {isa = PBXFileReference; fileEncoding = 4; lastKnownFileType = sourcecode.c.h; path = ZZPullDownView.h; sourceTree = "<group>"; };
		1B3BF2361DD5727F0034B1F9 /* ZZPullDownView.m */ = {isa = PBXFileReference; fileEncoding = 4; lastKnownFileType = sourcecode.c.objc; path = ZZPullDownView.m; sourceTree = "<group>"; };
		1B3BF2381DD575C60034B1F9 /* ZZTitleListView.h */ = {isa = PBXFileReference; fileEncoding = 4; lastKnownFileType = sourcecode.c.h; path = ZZTitleListView.h; sourceTree = "<group>"; };
		1B3BF2391DD575C60034B1F9 /* ZZTitleListView.m */ = {isa = PBXFileReference; fileEncoding = 4; lastKnownFileType = sourcecode.c.objc; path = ZZTitleListView.m; sourceTree = "<group>"; };
		1F87671F7D00990DC9D56703 /* libPods-ZZPullDownControl.a */ = {isa = PBXFileReference; explicitFileType = archive.ar; includeInIndex = 0; path = "libPods-ZZPullDownControl.a"; sourceTree = BUILT_PRODUCTS_DIR; };
		6CECEF3D2FEF7CCACBAE9E26 /* Pods-ZZPullDownControl.release.xcconfig */ = {isa = PBXFileReference; includeInIndex = 1; lastKnownFileType = text.xcconfig; name = "Pods-ZZPullDownControl.release.xcconfig"; path = "Pods/Target Support Files/Pods-ZZPullDownControl/Pods-ZZPullDownControl.release.xcconfig"; sourceTree = "<group>"; };
		BEE7322C32FBC0B0B3AB694D /* Pods-ZZPullDownControl.debug.xcconfig */ = {isa = PBXFileReference; includeInIndex = 1; lastKnownFileType = text.xcconfig; name = "Pods-ZZPullDownControl.debug.xcconfig"; path = "Pods/Target Support Files/Pods-ZZPullDownControl/Pods-ZZPullDownControl.debug.xcconfig"; sourceTree = "<group>"; };
/* End PBXFileReference section */

/* Begin PBXFrameworksBuildPhase section */
		1B3BF2061DD56D990034B1F9 /* Frameworks */ = {
			isa = PBXFrameworksBuildPhase;
			buildActionMask = 2147483647;
			files = (
				8826ABB3A5EA866B75A46C18 /* libPods-ZZPullDownControl.a in Frameworks */,
			);
			runOnlyForDeploymentPostprocessing = 0;
		};
		1B3BF21F1DD56D990034B1F9 /* Frameworks */ = {
			isa = PBXFrameworksBuildPhase;
			buildActionMask = 2147483647;
			files = (
			);
			runOnlyForDeploymentPostprocessing = 0;
		};
/* End PBXFrameworksBuildPhase section */

/* Begin PBXGroup section */
		1B3BF2001DD56D990034B1F9 = {
			isa = PBXGroup;
			children = (
				1B3BF20B1DD56D990034B1F9 /* ZZPullDownControl */,
				1B3BF2251DD56D990034B1F9 /* ZZPullDownControlTests */,
				1B3BF20A1DD56D990034B1F9 /* Products */,
				BF5A19C919D88F89DAFB4D56 /* Pods */,
				68FF86BE4E0270CD1B9FF10B /* Frameworks */,
			);
			sourceTree = "<group>";
		};
		1B3BF20A1DD56D990034B1F9 /* Products */ = {
			isa = PBXGroup;
			children = (
				1B3BF2091DD56D990034B1F9 /* ZZPullDownControl.app */,
				1B3BF2221DD56D990034B1F9 /* ZZPullDownControlTests.xctest */,
			);
			name = Products;
			sourceTree = "<group>";
		};
		1B3BF20B1DD56D990034B1F9 /* ZZPullDownControl */ = {
			isa = PBXGroup;
			children = (
				1B3BF20F1DD56D990034B1F9 /* AppDelegate.h */,
				1B3BF2101DD56D990034B1F9 /* AppDelegate.m */,
				1B3BF2381DD575C60034B1F9 /* ZZTitleListView.h */,
				1B3BF2391DD575C60034B1F9 /* ZZTitleListView.m */,
				1B3BF2351DD5727F0034B1F9 /* ZZPullDownView.h */,
				1B3BF2361DD5727F0034B1F9 /* ZZPullDownView.m */,
				1B3BF2321DD570C30034B1F9 /* TabViewController.h */,
				1B3BF2331DD570C30034B1F9 /* TabViewController.m */,
				1B3BF2181DD56D990034B1F9 /* Assets.xcassets */,
				1B3BF21A1DD56D990034B1F9 /* LaunchScreen.storyboard */,
				1B3BF21D1DD56D990034B1F9 /* Info.plist */,
				1B3BF20C1DD56D990034B1F9 /* Supporting Files */,
			);
			path = ZZPullDownControl;
			sourceTree = "<group>";
		};
		1B3BF20C1DD56D990034B1F9 /* Supporting Files */ = {
			isa = PBXGroup;
			children = (
				1B3BF20D1DD56D990034B1F9 /* main.m */,
				1B3BF2311DD56E970034B1F9 /* ZZPullDownControl.pch */,
			);
			name = "Supporting Files";
			sourceTree = "<group>";
		};
		1B3BF2251DD56D990034B1F9 /* ZZPullDownControlTests */ = {
			isa = PBXGroup;
			children = (
				1B3BF2261DD56D990034B1F9 /* ZZPullDownControlTests.m */,
				1B3BF2281DD56D990034B1F9 /* Info.plist */,
			);
			path = ZZPullDownControlTests;
			sourceTree = "<group>";
		};
		68FF86BE4E0270CD1B9FF10B /* Frameworks */ = {
			isa = PBXGroup;
			children = (
				1F87671F7D00990DC9D56703 /* libPods-ZZPullDownControl.a */,
			);
			name = Frameworks;
			sourceTree = "<group>";
		};
		BF5A19C919D88F89DAFB4D56 /* Pods */ = {
			isa = PBXGroup;
			children = (
				BEE7322C32FBC0B0B3AB694D /* Pods-ZZPullDownControl.debug.xcconfig */,
				6CECEF3D2FEF7CCACBAE9E26 /* Pods-ZZPullDownControl.release.xcconfig */,
			);
			name = Pods;
			sourceTree = "<group>";
		};
/* End PBXGroup section */

/* Begin PBXNativeTarget section */
		1B3BF2081DD56D990034B1F9 /* ZZPullDownControl */ = {
			isa = PBXNativeTarget;
			buildConfigurationList = 1B3BF22B1DD56D990034B1F9 /* Build configuration list for PBXNativeTarget "ZZPullDownControl" */;
			buildPhases = (
				10166C6A2C64AEC740DE4EFE /* [CP] Check Pods Manifest.lock */,
				1B3BF2051DD56D990034B1F9 /* Sources */,
				1B3BF2061DD56D990034B1F9 /* Frameworks */,
				1B3BF2071DD56D990034B1F9 /* Resources */,
				2CA5C95AD2CCA244C4931811 /* [CP] Embed Pods Frameworks */,
				62A61864CA5D077074FDEBA6 /* [CP] Copy Pods Resources */,
			);
			buildRules = (
			);
			dependencies = (
			);
			name = ZZPullDownControl;
			productName = ZZPullDownControl;
			productReference = 1B3BF2091DD56D990034B1F9 /* ZZPullDownControl.app */;
			productType = "com.apple.product-type.application";
		};
		1B3BF2211DD56D990034B1F9 /* ZZPullDownControlTests */ = {
			isa = PBXNativeTarget;
			buildConfigurationList = 1B3BF22E1DD56D990034B1F9 /* Build configuration list for PBXNativeTarget "ZZPullDownControlTests" */;
			buildPhases = (
				1B3BF21E1DD56D990034B1F9 /* Sources */,
				1B3BF21F1DD56D990034B1F9 /* Frameworks */,
				1B3BF2201DD56D990034B1F9 /* Resources */,
			);
			buildRules = (
			);
			dependencies = (
				1B3BF2241DD56D990034B1F9 /* PBXTargetDependency */,
			);
			name = ZZPullDownControlTests;
			productName = ZZPullDownControlTests;
			productReference = 1B3BF2221DD56D990034B1F9 /* ZZPullDownControlTests.xctest */;
			productType = "com.apple.product-type.bundle.unit-test";
		};
/* End PBXNativeTarget section */

/* Begin PBXProject section */
		1B3BF2011DD56D990034B1F9 /* Project object */ = {
			isa = PBXProject;
			attributes = {
				LastUpgradeCheck = 0800;
				ORGANIZATIONNAME = "呵呵嗒";
				TargetAttributes = {
					1B3BF2081DD56D990034B1F9 = {
						CreatedOnToolsVersion = 8.0;
						ProvisioningStyle = Automatic;
					};
					1B3BF2211DD56D990034B1F9 = {
						CreatedOnToolsVersion = 8.0;
						ProvisioningStyle = Automatic;
						TestTargetID = 1B3BF2081DD56D990034B1F9;
					};
				};
			};
			buildConfigurationList = 1B3BF2041DD56D990034B1F9 /* Build configuration list for PBXProject "ZZPullDownControl" */;
			compatibilityVersion = "Xcode 3.2";
			developmentRegion = English;
			hasScannedForEncodings = 0;
			knownRegions = (
				en,
				Base,
			);
			mainGroup = 1B3BF2001DD56D990034B1F9;
			productRefGroup = 1B3BF20A1DD56D990034B1F9 /* Products */;
			projectDirPath = "";
			projectRoot = "";
			targets = (
				1B3BF2081DD56D990034B1F9 /* ZZPullDownControl */,
				1B3BF2211DD56D990034B1F9 /* ZZPullDownControlTests */,
			);
		};
/* End PBXProject section */

/* Begin PBXResourcesBuildPhase section */
		1B3BF2071DD56D990034B1F9 /* Resources */ = {
			isa = PBXResourcesBuildPhase;
			buildActionMask = 2147483647;
			files = (
				1B3BF21C1DD56D990034B1F9 /* LaunchScreen.storyboard in Resources */,
				1B3BF2191DD56D990034B1F9 /* Assets.xcassets in Resources */,
			);
			runOnlyForDeploymentPostprocessing = 0;
		};
		1B3BF2201DD56D990034B1F9 /* Resources */ = {
			isa = PBXResourcesBuildPhase;
			buildActionMask = 2147483647;
			files = (
			);
			runOnlyForDeploymentPostprocessing = 0;
		};
/* End PBXResourcesBuildPhase section */

/* Begin PBXShellScriptBuildPhase section */
		10166C6A2C64AEC740DE4EFE /* [CP] Check Pods Manifest.lock */ = {
			isa = PBXShellScriptBuildPhase;
			buildActionMask = 2147483647;
			files = (
			);
			inputPaths = (
			);
			name = "[CP] Check Pods Manifest.lock";
			outputPaths = (
			);
			runOnlyForDeploymentPostprocessing = 0;
			shellPath = /bin/sh;
			shellScript = "diff \"${PODS_ROOT}/../Podfile.lock\" \"${PODS_ROOT}/Manifest.lock\" > /dev/null\nif [[ $? != 0 ]] ; then\n    cat << EOM\nerror: The sandbox is not in sync with the Podfile.lock. Run 'pod install' or update your CocoaPods installation.\nEOM\n    exit 1\nfi\n";
			showEnvVarsInLog = 0;
		};
		2CA5C95AD2CCA244C4931811 /* [CP] Embed Pods Frameworks */ = {
			isa = PBXShellScriptBuildPhase;
			buildActionMask = 2147483647;
			files = (
			);
			inputPaths = (
			);
			name = "[CP] Embed Pods Frameworks";
			outputPaths = (
			);
			runOnlyForDeploymentPostprocessing = 0;
			shellPath = /bin/sh;
			shellScript = "\"${SRCROOT}/Pods/Target Support Files/Pods-ZZPullDownControl/Pods-ZZPullDownControl-frameworks.sh\"\n";
			showEnvVarsInLog = 0;
		};
		62A61864CA5D077074FDEBA6 /* [CP] Copy Pods Resources */ = {
			isa = PBXShellScriptBuildPhase;
			buildActionMask = 2147483647;
			files = (
			);
			inputPaths = (
			);
			name = "[CP] Copy Pods Resources";
			outputPaths = (
			);
			runOnlyForDeploymentPostprocessing = 0;
			shellPath = /bin/sh;
			shellScript = "\"${SRCROOT}/Pods/Target Support Files/Pods-ZZPullDownControl/Pods-ZZPullDownControl-resources.sh\"\n";
			showEnvVarsInLog = 0;
		};
/* End PBXShellScriptBuildPhase section */

/* Begin PBXSourcesBuildPhase section */
		1B3BF2051DD56D990034B1F9 /* Sources */ = {
			isa = PBXSourcesBuildPhase;
			buildActionMask = 2147483647;
			files = (
				1B3BF2341DD570C30034B1F9 /* TabViewController.m in Sources */,
				1B3BF2111DD56D990034B1F9 /* AppDelegate.m in Sources */,
				1B3BF20E1DD56D990034B1F9 /* main.m in Sources */,
				1B3BF23A1DD575C60034B1F9 /* ZZTitleListView.m in Sources */,
				1B3BF2371DD5727F0034B1F9 /* ZZPullDownView.m in Sources */,
			);
			runOnlyForDeploymentPostprocessing = 0;
		};
		1B3BF21E1DD56D990034B1F9 /* Sources */ = {
			isa = PBXSourcesBuildPhase;
			buildActionMask = 2147483647;
			files = (
				1B3BF2271DD56D990034B1F9 /* ZZPullDownControlTests.m in Sources */,
			);
			runOnlyForDeploymentPostprocessing = 0;
		};
/* End PBXSourcesBuildPhase section */

/* Begin PBXTargetDependency section */
		1B3BF2241DD56D990034B1F9 /* PBXTargetDependency */ = {
			isa = PBXTargetDependency;
			target = 1B3BF2081DD56D990034B1F9 /* ZZPullDownControl */;
			targetProxy = 1B3BF2231DD56D990034B1F9 /* PBXContainerItemProxy */;
		};
/* End PBXTargetDependency section */

/* Begin PBXVariantGroup section */
		1B3BF21A1DD56D990034B1F9 /* LaunchScreen.storyboard */ = {
			isa = PBXVariantGroup;
			children = (
				1B3BF21B1DD56D990034B1F9 /* Base */,
			);
			name = LaunchScreen.storyboard;
			sourceTree = "<group>";
		};
/* End PBXVariantGroup section */

/* Begin XCBuildConfiguration section */
		1B3BF2291DD56D990034B1F9 /* Debug */ = {
			isa = XCBuildConfiguration;
			buildSettings = {
				ALWAYS_SEARCH_USER_PATHS = NO;
				CLANG_ANALYZER_NONNULL = YES;
				CLANG_CXX_LANGUAGE_STANDARD = "gnu++0x";
				CLANG_CXX_LIBRARY = "libc++";
				CLANG_ENABLE_MODULES = YES;
				CLANG_ENABLE_OBJC_ARC = YES;
				CLANG_WARN_BOOL_CONVERSION = YES;
				CLANG_WARN_CONSTANT_CONVERSION = YES;
				CLANG_WARN_DIRECT_OBJC_ISA_USAGE = YES_ERROR;
				CLANG_WARN_DOCUMENTATION_COMMENTS = YES;
				CLANG_WARN_EMPTY_BODY = YES;
				CLANG_WARN_ENUM_CONVERSION = YES;
				CLANG_WARN_INFINITE_RECURSION = YES;
				CLANG_WARN_INT_CONVERSION = YES;
				CLANG_WARN_OBJC_ROOT_CLASS = YES_ERROR;
				CLANG_WARN_SUSPICIOUS_MOVES = YES;
				CLANG_WARN_UNREACHABLE_CODE = YES;
				CLANG_WARN__DUPLICATE_METHOD_MATCH = YES;
				"CODE_SIGN_IDENTITY[sdk=iphoneos*]" = "iPhone Developer";
				COPY_PHASE_STRIP = NO;
				DEBUG_INFORMATION_FORMAT = dwarf;
				ENABLE_STRICT_OBJC_MSGSEND = YES;
				ENABLE_TESTABILITY = YES;
				GCC_C_LANGUAGE_STANDARD = gnu99;
				GCC_DYNAMIC_NO_PIC = NO;
				GCC_NO_COMMON_BLOCKS = YES;
				GCC_OPTIMIZATION_LEVEL = 0;
				GCC_PREPROCESSOR_DEFINITIONS = (
					"DEBUG=1",
					"$(inherited)",
				);
				GCC_WARN_64_TO_32_BIT_CONVERSION = YES;
				GCC_WARN_ABOUT_RETURN_TYPE = YES_ERROR;
				GCC_WARN_UNDECLARED_SELECTOR = YES;
				GCC_WARN_UNINITIALIZED_AUTOS = YES_AGGRESSIVE;
				GCC_WARN_UNUSED_FUNCTION = YES;
				GCC_WARN_UNUSED_VARIABLE = YES;
				IPHONEOS_DEPLOYMENT_TARGET = 10.0;
				MTL_ENABLE_DEBUG_INFO = YES;
				ONLY_ACTIVE_ARCH = YES;
				SDKROOT = iphoneos;
			};
			name = Debug;
		};
		1B3BF22A1DD56D990034B1F9 /* Release */ = {
			isa = XCBuildConfiguration;
			buildSettings = {
				ALWAYS_SEARCH_USER_PATHS = NO;
				CLANG_ANALYZER_NONNULL = YES;
				CLANG_CXX_LANGUAGE_STANDARD = "gnu++0x";
				CLANG_CXX_LIBRARY = "libc++";
				CLANG_ENABLE_MODULES = YES;
				CLANG_ENABLE_OBJC_ARC = YES;
				CLANG_WARN_BOOL_CONVERSION = YES;
				CLANG_WARN_CONSTANT_CONVERSION = YES;
				CLANG_WARN_DIRECT_OBJC_ISA_USAGE = YES_ERROR;
				CLANG_WARN_DOCUMENTATION_COMMENTS = YES;
				CLANG_WARN_EMPTY_BODY = YES;
				CLANG_WARN_ENUM_CONVERSION = YES;
				CLANG_WARN_INFINITE_RECURSION = YES;
				CLANG_WARN_INT_CONVERSION = YES;
				CLANG_WARN_OBJC_ROOT_CLASS = YES_ERROR;
				CLANG_WARN_SUSPICIOUS_MOVES = YES;
				CLANG_WARN_UNREACHABLE_CODE = YES;
				CLANG_WARN__DUPLICATE_METHOD_MATCH = YES;
				"CODE_SIGN_IDENTITY[sdk=iphoneos*]" = "iPhone Developer";
				COPY_PHASE_STRIP = NO;
				DEBUG_INFORMATION_FORMAT = "dwarf-with-dsym";
				ENABLE_NS_ASSERTIONS = NO;
				ENABLE_STRICT_OBJC_MSGSEND = YES;
				GCC_C_LANGUAGE_STANDARD = gnu99;
				GCC_NO_COMMON_BLOCKS = YES;
				GCC_WARN_64_TO_32_BIT_CONVERSION = YES;
				GCC_WARN_ABOUT_RETURN_TYPE = YES_ERROR;
				GCC_WARN_UNDECLARED_SELECTOR = YES;
				GCC_WARN_UNINITIALIZED_AUTOS = YES_AGGRESSIVE;
				GCC_WARN_UNUSED_FUNCTION = YES;
				GCC_WARN_UNUSED_VARIABLE = YES;
				IPHONEOS_DEPLOYMENT_TARGET = 10.0;
				MTL_ENABLE_DEBUG_INFO = NO;
				SDKROOT = iphoneos;
				VALIDATE_PRODUCT = YES;
			};
			name = Release;
		};
		1B3BF22C1DD56D990034B1F9 /* Debug */ = {
			isa = XCBuildConfiguration;
			baseConfigurationReference = BEE7322C32FBC0B0B3AB694D /* Pods-ZZPullDownControl.debug.xcconfig */;
			buildSettings = {
				ASSETCATALOG_COMPILER_APPICON_NAME = AppIcon;
				GCC_PREFIX_HEADER = "/Users/ctrip-zxl/Documents/github/ZZPullDownControl/ZZPullDownControl/ZZPullDownControl.pch";
				INFOPLIST_FILE = ZZPullDownControl/Info.plist;
				LD_RUNPATH_SEARCH_PATHS = "$(inherited) @executable_path/Frameworks";
				PRODUCT_BUNDLE_IDENTIFIER = com.abc.com.ZZPullDownControl;
				PRODUCT_NAME = "$(TARGET_NAME)";
			};
			name = Debug;
		};
		1B3BF22D1DD56D990034B1F9 /* Release */ = {
			isa = XCBuildConfiguration;
			baseConfigurationReference = 6CECEF3D2FEF7CCACBAE9E26 /* Pods-ZZPullDownControl.release.xcconfig */;
			buildSettings = {
				ASSETCATALOG_COMPILER_APPICON_NAME = AppIcon;
				GCC_PREFIX_HEADER = "/Users/ctrip-zxl/Documents/github/ZZPullDownControl/ZZPullDownControl/ZZPullDownControl.pch";
				INFOPLIST_FILE = ZZPullDownControl/Info.plist;
				LD_RUNPATH_SEARCH_PATHS = "$(inherited) @executable_path/Frameworks";
				PRODUCT_BUNDLE_IDENTIFIER = com.abc.com.ZZPullDownControl;
				PRODUCT_NAME = "$(TARGET_NAME)";
			};
			name = Release;
		};
		1B3BF22F1DD56D990034B1F9 /* Debug */ = {
			isa = XCBuildConfiguration;
			buildSettings = {
				BUNDLE_LOADER = "$(TEST_HOST)";
				INFOPLIST_FILE = ZZPullDownControlTests/Info.plist;
				LD_RUNPATH_SEARCH_PATHS = "$(inherited) @executable_path/Frameworks @loader_path/Frameworks";
				PRODUCT_BUNDLE_IDENTIFIER = com.abc.com.ZZPullDownControlTests;
				PRODUCT_NAME = "$(TARGET_NAME)";
				TEST_HOST = "$(BUILT_PRODUCTS_DIR)/ZZPullDownControl.app/ZZPullDownControl";
			};
			name = Debug;
		};
		1B3BF2301DD56D990034B1F9 /* Release */ = {
			isa = XCBuildConfiguration;
			buildSettings = {
				BUNDLE_LOADER = "$(TEST_HOST)";
				INFOPLIST_FILE = ZZPullDownControlTests/Info.plist;
				LD_RUNPATH_SEARCH_PATHS = "$(inherited) @executable_path/Frameworks @loader_path/Frameworks";
				PRODUCT_BUNDLE_IDENTIFIER = com.abc.com.ZZPullDownControlTests;
				PRODUCT_NAME = "$(TARGET_NAME)";
				TEST_HOST = "$(BUILT_PRODUCTS_DIR)/ZZPullDownControl.app/ZZPullDownControl";
			};
			name = Release;
		};
/* End XCBuildConfiguration section */

/* Begin XCConfigurationList section */
		1B3BF2041DD56D990034B1F9 /* Build configuration list for PBXProject "ZZPullDownControl" */ = {
			isa = XCConfigurationList;
			buildConfigurations = (
				1B3BF2291DD56D990034B1F9 /* Debug */,
				1B3BF22A1DD56D990034B1F9 /* Release */,
			);
			defaultConfigurationIsVisible = 0;
			defaultConfigurationName = Release;
		};
		1B3BF22B1DD56D990034B1F9 /* Build configuration list for PBXNativeTarget "ZZPullDownControl" */ = {
			isa = XCConfigurationList;
			buildConfigurations = (
				1B3BF22C1DD56D990034B1F9 /* Debug */,
				1B3BF22D1DD56D990034B1F9 /* Release */,
			);
			defaultConfigurationIsVisible = 0;
			defaultConfigurationName = Release;
		};
		1B3BF22E1DD56D990034B1F9 /* Build configuration list for PBXNativeTarget "ZZPullDownControlTests" */ = {
			isa = XCConfigurationList;
			buildConfigurations = (
				1B3BF22F1DD56D990034B1F9 /* Debug */,
				1B3BF2301DD56D990034B1F9 /* Release */,
			);
			defaultConfigurationIsVisible = 0;
			defaultConfigurationName = Release;
		};
/* End XCConfigurationList section */
	};
	rootObject = 1B3BF2011DD56D990034B1F9 /* Project object */;
}
